# THIS IS AN AUTOGENERATED FILE. DO NOT EDIT THIS FILE DIRECTLY.
# yarn lockfile v1


"@tweenjs/tween.js@^17.1.1":
  version "17.1.1"
  resolved "https://registry.npmjs.org/@tweenjs/tween.js/-/tween.js-17.1.1.tgz#a735ec3362a8cff7418733853503c2a553ee1a3a"

stats.js@^0.17.0:
  version "0.17.0"
  resolved "https://registry.npmjs.org/stats.js/-/stats.js-0.17.0.tgz#b1c3dc46d94498b578b7fd3985b81ace7131cc7d"

three@^0.89.0:
  version "0.89.0"
  resolved "https://registry.npmjs.org/three/-/three-0.89.0.tgz#4442d819a6168871b8d2cb37ad12a24310c170f5"
